// !$*UTF8*$!
{
	archiveVersion = 1;
	classes = {
	};
	objectVersion = 56;
	objects = {

/* Begin PBXBuildFile section */
		D0560A4A2B288A3400F93E84 /* Database.swift in Sources */ = {isa = PBXBuildFile; fileRef = D0560A492B288A3400F93E84 /* Database.swift */; };
		D0560A4C2B2893B400F93E84 /* LoginView.swift in Sources */ = {isa = PBXBuildFile; fileRef = D0560A4B2B2893B400F93E84 /* LoginView.swift */; };
		D0560A4E2B2895F000F93E84 /* OnboardingView.swift in Sources */ = {isa = PBXBuildFile; fileRef = D0560A4D2B2895F000F93E84 /* OnboardingView.swift */; };
		D0560A512B28B63E00F93E84 /* PartialSheet in Frameworks */ = {isa = PBXBuildFile; productRef = D0560A502B28B63E00F93E84 /* PartialSheet */; };
		D0560A532B28B7FB00F93E84 /* PartialSheet in Frameworks */ = {isa = PBXBuildFile; productRef = D0560A522B28B7FB00F93E84 /* PartialSheet */; };
		D0560A552B28B8B600F93E84 /* PartialSheet in Frameworks */ = {isa = PBXBuildFile; productRef = D0560A542B28B8B600F93E84 /* PartialSheet */; };
		D0560A572B28C2BD00F93E84 /* WelcomeView.swift in Sources */ = {isa = PBXBuildFile; fileRef = D0560A562B28C2BD00F93E84 /* WelcomeView.swift */; };
		D0560A592B28FB9700F93E84 /* InsertTagsView.swift in Sources */ = {isa = PBXBuildFile; fileRef = D0560A582B28FB9700F93E84 /* InsertTagsView.swift */; };
		D0560A5D2B29218C00F93E84 /* DisplayTagsView.swift in Sources */ = {isa = PBXBuildFile; fileRef = D0560A5C2B29218C00F93E84 /* DisplayTagsView.swift */; };
		D0560A5F2B29D19800F93E84 /* DeleteTagView.swift in Sources */ = {isa = PBXBuildFile; fileRef = D0560A5E2B29D19800F93E84 /* DeleteTagView.swift */; };
		D0560A612B29F10500F93E84 /* InsertManufacturerView.swift in Sources */ = {isa = PBXBuildFile; fileRef = D0560A602B29F10500F93E84 /* InsertManufacturerView.swift */; };
		D0560A632B2A28BB00F93E84 /* ManufacturerDeleteView.swift in Sources */ = {isa = PBXBuildFile; fileRef = D0560A622B2A28BB00F93E84 /* ManufacturerDeleteView.swift */; };
		D0560A652B2A55ED00F93E84 /* InsertStatusView.swift in Sources */ = {isa = PBXBuildFile; fileRef = D0560A642B2A55ED00F93E84 /* InsertStatusView.swift */; };
		D0560A672B2A68FC00F93E84 /* StatusDeleteView.swift in Sources */ = {isa = PBXBuildFile; fileRef = D0560A662B2A68FC00F93E84 /* StatusDeleteView.swift */; };
		D0810B1D2B286C93005825D6 /* AerospaceApp.swift in Sources */ = {isa = PBXBuildFile; fileRef = D0810B1C2B286C93005825D6 /* AerospaceApp.swift */; };
		D0810B1F2B286C93005825D6 /* SignupView.swift in Sources */ = {isa = PBXBuildFile; fileRef = D0810B1E2B286C93005825D6 /* SignupView.swift */; };
		D0810B212B286C94005825D6 /* Assets.xcassets in Resources */ = {isa = PBXBuildFile; fileRef = D0810B202B286C94005825D6 /* Assets.xcassets */; };
		D0810B242B286C94005825D6 /* Preview Assets.xcassets in Resources */ = {isa = PBXBuildFile; fileRef = D0810B232B286C94005825D6 /* Preview Assets.xcassets */; };
/* End PBXBuildFile section */

/* Begin PBXFileReference section */
		D0560A492B288A3400F93E84 /* Database.swift */ = {isa = PBXFileReference; lastKnownFileType = sourcecode.swift; path = Database.swift; sourceTree = "<group>"; };
		D0560A4B2B2893B400F93E84 /* LoginView.swift */ = {isa = PBXFileReference; lastKnownFileType = sourcecode.swift; path = LoginView.swift; sourceTree = "<group>"; };
		D0560A4D2B2895F000F93E84 /* OnboardingView.swift */ = {isa = PBXFileReference; lastKnownFileType = sourcecode.swift; path = OnboardingView.swift; sourceTree = "<group>"; };
		D0560A562B28C2BD00F93E84 /* WelcomeView.swift */ = {isa = PBXFileReference; lastKnownFileType = sourcecode.swift; path = WelcomeView.swift; sourceTree = "<group>"; };
		D0560A582B28FB9700F93E84 /* InsertTagsView.swift */ = {isa = PBXFileReference; lastKnownFileType = sourcecode.swift; path = InsertTagsView.swift; sourceTree = "<group>"; };
		D0560A5C2B29218C00F93E84 /* DisplayTagsView.swift */ = {isa = PBXFileReference; lastKnownFileType = sourcecode.swift; path = DisplayTagsView.swift; sourceTree = "<group>"; };
		D0560A5E2B29D19800F93E84 /* DeleteTagView.swift */ = {isa = PBXFileReference; lastKnownFileType = sourcecode.swift; path = DeleteTagView.swift; sourceTree = "<group>"; };
		D0560A602B29F10500F93E84 /* InsertManufacturerView.swift */ = {isa = PBXFileReference; lastKnownFileType = sourcecode.swift; path = InsertManufacturerView.swift; sourceTree = "<group>"; };
		D0560A622B2A28BB00F93E84 /* ManufacturerDeleteView.swift */ = {isa = PBXFileReference; lastKnownFileType = sourcecode.swift; path = ManufacturerDeleteView.swift; sourceTree = "<group>"; };
		D0560A642B2A55ED00F93E84 /* InsertStatusView.swift */ = {isa = PBXFileReference; lastKnownFileType = sourcecode.swift; path = InsertStatusView.swift; sourceTree = "<group>"; };
		D0560A662B2A68FC00F93E84 /* StatusDeleteView.swift */ = {isa = PBXFileReference; lastKnownFileType = sourcecode.swift; path = StatusDeleteView.swift; sourceTree = "<group>"; };
		D0810B192B286C93005825D6 /* Aerospace.app */ = {isa = PBXFileReference; explicitFileType = wrapper.application; includeInIndex = 0; path = Aerospace.app; sourceTree = BUILT_PRODUCTS_DIR; };
		D0810B1C2B286C93005825D6 /* AerospaceApp.swift */ = {isa = PBXFileReference; lastKnownFileType = sourcecode.swift; path = AerospaceApp.swift; sourceTree = "<group>"; };
		D0810B1E2B286C93005825D6 /* SignupView.swift */ = {isa = PBXFileReference; lastKnownFileType = sourcecode.swift; path = SignupView.swift; sourceTree = "<group>"; };
		D0810B202B286C94005825D6 /* Assets.xcassets */ = {isa = PBXFileReference; lastKnownFileType = folder.assetcatalog; path = Assets.xcassets; sourceTree = "<group>"; };
		D0810B232B286C94005825D6 /* Preview Assets.xcassets */ = {isa = PBXFileReference; lastKnownFileType = folder.assetcatalog; path = "Preview Assets.xcassets"; sourceTree = "<group>"; };
/* End PBXFileReference section */

/* Begin PBXFrameworksBuildPhase section */
		D0810B162B286C93005825D6 /* Frameworks */ = {
			isa = PBXFrameworksBuildPhase;
			buildActionMask = 2147483647;
			files = (
				D0560A552B28B8B600F93E84 /* PartialSheet in Frameworks */,
				D0560A532B28B7FB00F93E84 /* PartialSheet in Frameworks */,
				D0560A512B28B63E00F93E84 /* PartialSheet in Frameworks */,
			);
			runOnlyForDeploymentPostprocessing = 0;
		};
/* End PBXFrameworksBuildPhase section */

/* Begin PBXGroup section */
		D0560A452B2889CD00F93E84 /* View */ = {
			isa = PBXGroup;
			children = (
				D0560A562B28C2BD00F93E84 /* WelcomeView.swift */,
				D0560A4B2B2893B400F93E84 /* LoginView.swift */,
				D0810B1E2B286C93005825D6 /* SignupView.swift */,
				D0560A4D2B2895F000F93E84 /* OnboardingView.swift */,
				D0560A582B28FB9700F93E84 /* InsertTagsView.swift */,
				D0560A5C2B29218C00F93E84 /* DisplayTagsView.swift */,
				D0560A5E2B29D19800F93E84 /* DeleteTagView.swift */,
				D0560A602B29F10500F93E84 /* InsertManufacturerView.swift */,
				D0560A622B2A28BB00F93E84 /* ManufacturerDeleteView.swift */,
				D0560A642B2A55ED00F93E84 /* InsertStatusView.swift */,
				D0560A662B2A68FC00F93E84 /* StatusDeleteView.swift */,
			);
			path = View;
			sourceTree = "<group>";
		};
		D0560A462B2889D700F93E84 /* Model */ = {
			isa = PBXGroup;
			children = (
				D0560A492B288A3400F93E84 /* Database.swift */,
			);
			path = Model;
			sourceTree = "<group>";
		};
		D0810B102B286C93005825D6 = {
			isa = PBXGroup;
			children = (
				D0810B1B2B286C93005825D6 /* Aerospace */,
				D0810B1A2B286C93005825D6 /* Products */,
			);
			sourceTree = "<group>";
		};
		D0810B1A2B286C93005825D6 /* Products */ = {
			isa = PBXGroup;
			children = (
				D0810B192B286C93005825D6 /* Aerospace.app */,
			);
			name = Products;
			sourceTree = "<group>";
		};
		D0810B1B2B286C93005825D6 /* Aerospace */ = {
			isa = PBXGroup;
			children = (
				D0560A462B2889D700F93E84 /* Model */,
				D0560A452B2889CD00F93E84 /* View */,
				D0810B1C2B286C93005825D6 /* AerospaceApp.swift */,
				D0810B202B286C94005825D6 /* Assets.xcassets */,
				D0810B222B286C94005825D6 /* Preview Content */,
			);
			path = Aerospace;
			sourceTree = "<group>";
		};
		D0810B222B286C94005825D6 /* Preview Content */ = {
			isa = PBXGroup;
			children = (
				D0810B232B286C94005825D6 /* Preview Assets.xcassets */,
			);
			path = "Preview Content";
			sourceTree = "<group>";
		};
/* End PBXGroup section */

/* Begin PBXNativeTarget section */
		D0810B182B286C93005825D6 /* Aerospace */ = {
			isa = PBXNativeTarget;
			buildConfigurationList = D0810B272B286C94005825D6 /* Build configuration list for PBXNativeTarget "Aerospace" */;
			buildPhases = (
				D0810B152B286C93005825D6 /* Sources */,
				D0810B162B286C93005825D6 /* Frameworks */,
				D0810B172B286C93005825D6 /* Resources */,
			);
			buildRules = (
			);
			dependencies = (
			);
			name = Aerospace;
			packageProductDependencies = (
				D0560A502B28B63E00F93E84 /* PartialSheet */,
				D0560A522B28B7FB00F93E84 /* PartialSheet */,
				D0560A542B28B8B600F93E84 /* PartialSheet */,
			);
			productName = Aerospace;
			productReference = D0810B192B286C93005825D6 /* Aerospace.app */;
			productType = "com.apple.product-type.application";
		};
/* End PBXNativeTarget section */

/* Begin PBXProject section */
		D0810B112B286C93005825D6 /* Project object */ = {
			isa = PBXProject;
			attributes = {
				BuildIndependentTargetsInParallel = 1;
				LastSwiftUpdateCheck = 1500;
				LastUpgradeCheck = 1500;
				TargetAttributes = {
					D0810B182B286C93005825D6 = {
						CreatedOnToolsVersion = 15.0.1;
					};
				};
			};
			buildConfigurationList = D0810B142B286C93005825D6 /* Build configuration list for PBXProject "Aerospace" */;
			compatibilityVersion = "Xcode 14.0";
			developmentRegion = en;
			hasScannedForEncodings = 0;
			knownRegions = (
				en,
				Base,
			);
			mainGroup = D0810B102B286C93005825D6;
			packageReferences = (
				D0560A4F2B28B63E00F93E84 /* XCRemoteSwiftPackageReference "PartialSheet" */,
			);
			productRefGroup = D0810B1A2B286C93005825D6 /* Products */;
			projectDirPath = "";
			projectRoot = "";
			targets = (
				D0810B182B286C93005825D6 /* Aerospace */,
			);
		};
/* End PBXProject section */

/* Begin PBXResourcesBuildPhase section */
		D0810B172B286C93005825D6 /* Resources */ = {
			isa = PBXResourcesBuildPhase;
			buildActionMask = 2147483647;
			files = (
				D0810B242B286C94005825D6 /* Preview Assets.xcassets in Resources */,
				D0810B212B286C94005825D6 /* Assets.xcassets in Resources */,
			);
			runOnlyForDeploymentPostprocessing = 0;
		};
/* End PBXResourcesBuildPhase section */

/* Begin PBXSourcesBuildPhase section */
		D0810B152B286C93005825D6 /* Sources */ = {
			isa = PBXSourcesBuildPhase;
			buildActionMask = 2147483647;
			files = (
				D0560A5D2B29218C00F93E84 /* DisplayTagsView.swift in Sources */,
				D0560A672B2A68FC00F93E84 /* StatusDeleteView.swift in Sources */,
				D0560A652B2A55ED00F93E84 /* InsertStatusView.swift in Sources */,
				D0810B1F2B286C93005825D6 /* SignupView.swift in Sources */,
				D0560A572B28C2BD00F93E84 /* WelcomeView.swift in Sources */,
				D0560A632B2A28BB00F93E84 /* ManufacturerDeleteView.swift in Sources */,
				D0560A592B28FB9700F93E84 /* InsertTagsView.swift in Sources */,
				D0560A4A2B288A3400F93E84 /* Database.swift in Sources */,
				D0560A4C2B2893B400F93E84 /* LoginView.swift in Sources */,
				D0560A612B29F10500F93E84 /* InsertManufacturerView.swift in Sources */,
				D0560A4E2B2895F000F93E84 /* OnboardingView.swift in Sources */,
				D0560A5F2B29D19800F93E84 /* DeleteTagView.swift in Sources */,
				D0810B1D2B286C93005825D6 /* AerospaceApp.swift in Sources */,
			);
			runOnlyForDeploymentPostprocessing = 0;
		};
/* End PBXSourcesBuildPhase section */

/* Begin XCBuildConfiguration section */
		D0810B252B286C94005825D6 /* Debug */ = {
			isa = XCBuildConfiguration;
			buildSettings = {
				ALWAYS_SEARCH_USER_PATHS = NO;
				ASSETCATALOG_COMPILER_GENERATE_SWIFT_ASSET_SYMBOL_EXTENSIONS = YES;
				CLANG_ANALYZER_NONNULL = YES;
				CLANG_ANALYZER_NUMBER_OBJECT_CONVERSION = YES_AGGRESSIVE;
				CLANG_CXX_LANGUAGE_STANDARD = "gnu++20";
				CLANG_ENABLE_MODULES = YES;
				CLANG_ENABLE_OBJC_ARC = YES;
				CLANG_ENABLE_OBJC_WEAK = YES;
				CLANG_WARN_BLOCK_CAPTURE_AUTORELEASING = YES;
				CLANG_WARN_BOOL_CONVERSION = YES;
				CLANG_WARN_COMMA = YES;
				CLANG_WARN_CONSTANT_CONVERSION = YES;
				CLANG_WARN_DEPRECATED_OBJC_IMPLEMENTATIONS = YES;
				CLANG_WARN_DIRECT_OBJC_ISA_USAGE = YES_ERROR;
				CLANG_WARN_DOCUMENTATION_COMMENTS = YES;
				CLANG_WARN_EMPTY_BODY = YES;
				CLANG_WARN_ENUM_CONVERSION = YES;
				CLANG_WARN_INFINITE_RECURSION = YES;
				CLANG_WARN_INT_CONVERSION = YES;
				CLANG_WARN_NON_LITERAL_NULL_CONVERSION = YES;
				CLANG_WARN_OBJC_IMPLICIT_RETAIN_SELF = YES;
				CLANG_WARN_OBJC_LITERAL_CONVERSION = YES;
				CLANG_WARN_OBJC_ROOT_CLASS = YES_ERROR;
				CLANG_WARN_QUOTED_INCLUDE_IN_FRAMEWORK_HEADER = YES;
				CLANG_WARN_RANGE_LOOP_ANALYSIS = YES;
				CLANG_WARN_STRICT_PROTOTYPES = YES;
				CLANG_WARN_SUSPICIOUS_MOVE = YES;
				CLANG_WARN_UNGUARDED_AVAILABILITY = YES_AGGRESSIVE;
				CLANG_WARN_UNREACHABLE_CODE = YES;
				CLANG_WARN__DUPLICATE_METHOD_MATCH = YES;
				COPY_PHASE_STRIP = NO;
				DEBUG_INFORMATION_FORMAT = dwarf;
				ENABLE_STRICT_OBJC_MSGSEND = YES;
				ENABLE_TESTABILITY = YES;
				ENABLE_USER_SCRIPT_SANDBOXING = YES;
				GCC_C_LANGUAGE_STANDARD = gnu17;
				GCC_DYNAMIC_NO_PIC = NO;
				GCC_NO_COMMON_BLOCKS = YES;
				GCC_OPTIMIZATION_LEVEL = 0;
				GCC_PREPROCESSOR_DEFINITIONS = (
					"DEBUG=1",
					"$(inherited)",
				);
				GCC_WARN_64_TO_32_BIT_CONVERSION = YES;
				GCC_WARN_ABOUT_RETURN_TYPE = YES_ERROR;
				GCC_WARN_UNDECLARED_SELECTOR = YES;
				GCC_WARN_UNINITIALIZED_AUTOS = YES_AGGRESSIVE;
				GCC_WARN_UNUSED_FUNCTION = YES;
				GCC_WARN_UNUSED_VARIABLE = YES;
				IPHONEOS_DEPLOYMENT_TARGET = 17.0;
				LOCALIZATION_PREFERS_STRING_CATALOGS = YES;
				MTL_ENABLE_DEBUG_INFO = INCLUDE_SOURCE;
				MTL_FAST_MATH = YES;
				ONLY_ACTIVE_ARCH = YES;
				SDKROOT = iphoneos;
				SWIFT_ACTIVE_COMPILATION_CONDITIONS = "DEBUG $(inherited)";
				SWIFT_OPTIMIZATION_LEVEL = "-Onone";
			};
			name = Debug;
		};
		D0810B262B286C94005825D6 /* Release */ = {
			isa = XCBuildConfiguration;
			buildSettings = {
				ALWAYS_SEARCH_USER_PATHS = NO;
				ASSETCATALOG_COMPILER_GENERATE_SWIFT_ASSET_SYMBOL_EXTENSIONS = YES;
				CLANG_ANALYZER_NONNULL = YES;
				CLANG_ANALYZER_NUMBER_OBJECT_CONVERSION = YES_AGGRESSIVE;
				CLANG_CXX_LANGUAGE_STANDARD = "gnu++20";
				CLANG_ENABLE_MODULES = YES;
				CLANG_ENABLE_OBJC_ARC = YES;
				CLANG_ENABLE_OBJC_WEAK = YES;
				CLANG_WARN_BLOCK_CAPTURE_AUTORELEASING = YES;
				CLANG_WARN_BOOL_CONVERSION = YES;
				CLANG_WARN_COMMA = YES;
				CLANG_WARN_CONSTANT_CONVERSION = YES;
				CLANG_WARN_DEPRECATED_OBJC_IMPLEMENTATIONS = YES;
				CLANG_WARN_DIRECT_OBJC_ISA_USAGE = YES_ERROR;
				CLANG_WARN_DOCUMENTATION_COMMENTS = YES;
				CLANG_WARN_EMPTY_BODY = YES;
				CLANG_WARN_ENUM_CONVERSION = YES;
				CLANG_WARN_INFINITE_RECURSION = YES;
				CLANG_WARN_INT_CONVERSION = YES;
				CLANG_WARN_NON_LITERAL_NULL_CONVERSION = YES;
				CLANG_WARN_OBJC_IMPLICIT_RETAIN_SELF = YES;
				CLANG_WARN_OBJC_LITERAL_CONVERSION = YES;
				CLANG_WARN_OBJC_ROOT_CLASS = YES_ERROR;
				CLANG_WARN_QUOTED_INCLUDE_IN_FRAMEWORK_HEADER = YES;
				CLANG_WARN_RANGE_LOOP_ANALYSIS = YES;
				CLANG_WARN_STRICT_PROTOTYPES = YES;
				CLANG_WARN_SUSPICIOUS_MOVE = YES;
				CLANG_WARN_UNGUARDED_AVAILABILITY = YES_AGGRESSIVE;
				CLANG_WARN_UNREACHABLE_CODE = YES;
				CLANG_WARN__DUPLICATE_METHOD_MATCH = YES;
				COPY_PHASE_STRIP = NO;
				DEBUG_INFORMATION_FORMAT = "dwarf-with-dsym";
				ENABLE_NS_ASSERTIONS = NO;
				ENABLE_STRICT_OBJC_MSGSEND = YES;
				ENABLE_USER_SCRIPT_SANDBOXING = YES;
				GCC_C_LANGUAGE_STANDARD = gnu17;
				GCC_NO_COMMON_BLOCKS = YES;
				GCC_WARN_64_TO_32_BIT_CONVERSION = YES;
				GCC_WARN_ABOUT_RETURN_TYPE = YES_ERROR;
				GCC_WARN_UNDECLARED_SELECTOR = YES;
				GCC_WARN_UNINITIALIZED_AUTOS = YES_AGGRESSIVE;
				GCC_WARN_UNUSED_FUNCTION = YES;
				GCC_WARN_UNUSED_VARIABLE = YES;
				IPHONEOS_DEPLOYMENT_TARGET = 17.0;
				LOCALIZATION_PREFERS_STRING_CATALOGS = YES;
				MTL_ENABLE_DEBUG_INFO = NO;
				MTL_FAST_MATH = YES;
				SDKROOT = iphoneos;
				SWIFT_COMPILATION_MODE = wholemodule;
				VALIDATE_PRODUCT = YES;
			};
			name = Release;
		};
		D0810B282B286C94005825D6 /* Debug */ = {
			isa = XCBuildConfiguration;
			buildSettings = {
				ASSETCATALOG_COMPILER_APPICON_NAME = AppIcon;
				ASSETCATALOG_COMPILER_GLOBAL_ACCENT_COLOR_NAME = AccentColor;
				CODE_SIGN_STYLE = Automatic;
				CURRENT_PROJECT_VERSION = 1;
				DEVELOPMENT_ASSET_PATHS = "\"Aerospace/Preview Content\"";
				DEVELOPMENT_TEAM = C6GW4A76XK;
				ENABLE_PREVIEWS = YES;
				GENERATE_INFOPLIST_FILE = YES;
				INFOPLIST_KEY_UIApplicationSceneManifest_Generation = YES;
				INFOPLIST_KEY_UIApplicationSupportsIndirectInputEvents = YES;
				INFOPLIST_KEY_UILaunchScreen_Generation = YES;
				INFOPLIST_KEY_UISupportedInterfaceOrientations_iPad = "UIInterfaceOrientationPortrait UIInterfaceOrientationPortraitUpsideDown UIInterfaceOrientationLandscapeLeft UIInterfaceOrientationLandscapeRight";
				INFOPLIST_KEY_UISupportedInterfaceOrientations_iPhone = "UIInterfaceOrientationPortrait UIInterfaceOrientationLandscapeLeft UIInterfaceOrientationLandscapeRight";
				LD_RUNPATH_SEARCH_PATHS = (
					"$(inherited)",
					"@executable_path/Frameworks",
				);
				MARKETING_VERSION = 1.0;
				PRODUCT_BUNDLE_IDENTIFIER = com.Aerospace..Aerospace;
				PRODUCT_NAME = "$(TARGET_NAME)";
				SUPPORTED_PLATFORMS = "iphoneos iphonesimulator";
				SUPPORTS_MACCATALYST = NO;
				SUPPORTS_MAC_DESIGNED_FOR_IPHONE_IPAD = NO;
				SWIFT_EMIT_LOC_STRINGS = YES;
				SWIFT_VERSION = 5.0;
				TARGETED_DEVICE_FAMILY = "1,2";
			};
			name = Debug;
		};
		D0810B292B286C94005825D6 /* Release */ = {
			isa = XCBuildConfiguration;
			buildSettings = {
				ASSETCATALOG_COMPILER_APPICON_NAME = AppIcon;
				ASSETCATALOG_COMPILER_GLOBAL_ACCENT_COLOR_NAME = AccentColor;
				CODE_SIGN_STYLE = Automatic;
				CURRENT_PROJECT_VERSION = 1;
				DEVELOPMENT_ASSET_PATHS = "\"Aerospace/Preview Content\"";
				DEVELOPMENT_TEAM = C6GW4A76XK;
				ENABLE_PREVIEWS = YES;
				GENERATE_INFOPLIST_FILE = YES;
				INFOPLIST_KEY_UIApplicationSceneManifest_Generation = YES;
				INFOPLIST_KEY_UIApplicationSupportsIndirectInputEvents = YES;
				INFOPLIST_KEY_UILaunchScreen_Generation = YES;
				INFOPLIST_KEY_UISupportedInterfaceOrientations_iPad = "UIInterfaceOrientationPortrait UIInterfaceOrientationPortraitUpsideDown UIInterfaceOrientationLandscapeLeft UIInterfaceOrientationLandscapeRight";
				INFOPLIST_KEY_UISupportedInterfaceOrientations_iPhone = "UIInterfaceOrientationPortrait UIInterfaceOrientationLandscapeLeft UIInterfaceOrientationLandscapeRight";
				LD_RUNPATH_SEARCH_PATHS = (
					"$(inherited)",
					"@executable_path/Frameworks",
				);
				MARKETING_VERSION = 1.0;
				PRODUCT_BUNDLE_IDENTIFIER = com.Aerospace..Aerospace;
				PRODUCT_NAME = "$(TARGET_NAME)";
				SUPPORTED_PLATFORMS = "iphoneos iphonesimulator";
				SUPPORTS_MACCATALYST = NO;
				SUPPORTS_MAC_DESIGNED_FOR_IPHONE_IPAD = NO;
				SWIFT_EMIT_LOC_STRINGS = YES;
				SWIFT_VERSION = 5.0;
				TARGETED_DEVICE_FAMILY = "1,2";
			};
			name = Release;
		};
/* End XCBuildConfiguration section */

/* Begin XCConfigurationList section */
		D0810B142B286C93005825D6 /* Build configuration list for PBXProject "Aerospace" */ = {
			isa = XCConfigurationList;
			buildConfigurations = (
				D0810B252B286C94005825D6 /* Debug */,
				D0810B262B286C94005825D6 /* Release */,
			);
			defaultConfigurationIsVisible = 0;
			defaultConfigurationName = Release;
		};
		D0810B272B286C94005825D6 /* Build configuration list for PBXNativeTarget "Aerospace" */ = {
			isa = XCConfigurationList;
			buildConfigurations = (
				D0810B282B286C94005825D6 /* Debug */,
				D0810B292B286C94005825D6 /* Release */,
			);
			defaultConfigurationIsVisible = 0;
			defaultConfigurationName = Release;
		};
/* End XCConfigurationList section */

/* Begin XCRemoteSwiftPackageReference section */
		D0560A4F2B28B63E00F93E84 /* XCRemoteSwiftPackageReference "PartialSheet" */ = {
			isa = XCRemoteSwiftPackageReference;
			repositoryURL = "https://github.com/AndreaMiotto/PartialSheet.git";
			requirement = {
				kind = upToNextMajorVersion;
				minimumVersion = 3.1.1;
			};
		};
/* End XCRemoteSwiftPackageReference section */

/* Begin XCSwiftPackageProductDependency section */
		D0560A502B28B63E00F93E84 /* PartialSheet */ = {
			isa = XCSwiftPackageProductDependency;
			package = D0560A4F2B28B63E00F93E84 /* XCRemoteSwiftPackageReference "PartialSheet" */;
			productName = PartialSheet;
		};
		D0560A522B28B7FB00F93E84 /* PartialSheet */ = {
			isa = XCSwiftPackageProductDependency;
			package = D0560A4F2B28B63E00F93E84 /* XCRemoteSwiftPackageReference "PartialSheet" */;
			productName = PartialSheet;
		};
		D0560A542B28B8B600F93E84 /* PartialSheet */ = {
			isa = XCSwiftPackageProductDependency;
			package = D0560A4F2B28B63E00F93E84 /* XCRemoteSwiftPackageReference "PartialSheet" */;
			productName = PartialSheet;
		};
/* End XCSwiftPackageProductDependency section */
	};
	rootObject = D0810B112B286C93005825D6 /* Project object */;
}
