// !$*UTF8*$!
{
	archiveVersion = 1;
	classes = {
	};
	objectVersion = 56;
	objects = {

/* Begin PBXBuildFile section */
		D01AB6802B30E5AF003C2A2A /* FavoritePriorityView.swift in Sources */ = {isa = PBXBuildFile; fileRef = D01AB67F2B30E5AF003C2A2A /* FavoritePriorityView.swift */; };
		D01AB6822B31E56A003C2A2A /* FavoriteView.swift in Sources */ = {isa = PBXBuildFile; fileRef = D01AB6812B31E56A003C2A2A /* FavoriteView.swift */; };
		D01AB6842B31FAD6003C2A2A /* PriorityView.swift in Sources */ = {isa = PBXBuildFile; fileRef = D01AB6832B31FAD6003C2A2A /* PriorityView.swift */; };
		D01AB6862B31FDEC003C2A2A /* DeleteItemView.swift in Sources */ = {isa = PBXBuildFile; fileRef = D01AB6852B31FDEC003C2A2A /* DeleteItemView.swift */; };
		D01AB6882B320EEB003C2A2A /* AddSKU.swift in Sources */ = {isa = PBXBuildFile; fileRef = D01AB6872B320EEB003C2A2A /* AddSKU.swift */; };
		D01AB68C2B321D32003C2A2A /* DeleteSKU.swift in Sources */ = {isa = PBXBuildFile; fileRef = D01AB68B2B321D32003C2A2A /* DeleteSKU.swift */; };
		D01AB68E2B3242D0003C2A2A /* HistoryView.swift in Sources */ = {isa = PBXBuildFile; fileRef = D01AB68D2B3242D0003C2A2A /* HistoryView.swift */; };
		D01AB6902B325955003C2A2A /* ScanView.swift in Sources */ = {isa = PBXBuildFile; fileRef = D01AB68F2B325955003C2A2A /* ScanView.swift */; };
		D01AB6922B325A76003C2A2A /* QRScannerView.swift in Sources */ = {isa = PBXBuildFile; fileRef = D01AB6912B325A76003C2A2A /* QRScannerView.swift */; };
		D01AB6942B3269D0003C2A2A /* ViewByTags.swift in Sources */ = {isa = PBXBuildFile; fileRef = D01AB6932B3269D0003C2A2A /* ViewByTags.swift */; };
		D03D27C42B3308B8004364F8 /* ViewByManufacturer.swift in Sources */ = {isa = PBXBuildFile; fileRef = D03D27C32B3308B8004364F8 /* ViewByManufacturer.swift */; };
		D03D27C62B3314D8004364F8 /* ViewByStatus.swift in Sources */ = {isa = PBXBuildFile; fileRef = D03D27C52B3314D8004364F8 /* ViewByStatus.swift */; };
		D03D27C82B33174F004364F8 /* ViewByOrigin.swift in Sources */ = {isa = PBXBuildFile; fileRef = D03D27C72B33174F004364F8 /* ViewByOrigin.swift */; };
		D03D27CA2B331AE1004364F8 /* ViewByClient.swift in Sources */ = {isa = PBXBuildFile; fileRef = D03D27C92B331AE1004364F8 /* ViewByClient.swift */; };
		D03D27CC2B336CCF004364F8 /* OverviewView.swift in Sources */ = {isa = PBXBuildFile; fileRef = D03D27CB2B336CCF004364F8 /* OverviewView.swift */; };
		D03D27CE2B339493004364F8 /* Color.swift in Sources */ = {isa = PBXBuildFile; fileRef = D03D27CD2B339493004364F8 /* Color.swift */; };
		D04207A12B2B70F000DEE395 /* CountryDeleteView.swift in Sources */ = {isa = PBXBuildFile; fileRef = D04207A02B2B70F000DEE395 /* CountryDeleteView.swift */; };
		D04207A32B2B772300DEE395 /* InsertClientView.swift in Sources */ = {isa = PBXBuildFile; fileRef = D04207A22B2B772300DEE395 /* InsertClientView.swift */; };
		D04207A52B2BD9DE00DEE395 /* ClientDeleteView.swift in Sources */ = {isa = PBXBuildFile; fileRef = D04207A42B2BD9DE00DEE395 /* ClientDeleteView.swift */; };
		D04207A72B2C742800DEE395 /* InsertItemView.swift in Sources */ = {isa = PBXBuildFile; fileRef = D04207A62B2C742800DEE395 /* InsertItemView.swift */; };
		D04207A92B2C9CA900DEE395 /* DocumentPicker.swift in Sources */ = {isa = PBXBuildFile; fileRef = D04207A82B2C9CA900DEE395 /* DocumentPicker.swift */; };
		D0420CD42B2B1DC1007710E6 /* InsertCountryView.swift in Sources */ = {isa = PBXBuildFile; fileRef = D0420CD32B2B1DC1007710E6 /* InsertCountryView.swift */; };
		D054149C2B347A7B00B834B3 /* ProductPerStatus.swift in Sources */ = {isa = PBXBuildFile; fileRef = D054149B2B347A7B00B834B3 /* ProductPerStatus.swift */; };
		D054149E2B347D9F00B834B3 /* ProductFavoritePriority.swift in Sources */ = {isa = PBXBuildFile; fileRef = D054149D2B347D9F00B834B3 /* ProductFavoritePriority.swift */; };
		D05414A02B347F6400B834B3 /* Item7Days.swift in Sources */ = {isa = PBXBuildFile; fileRef = D054149F2B347F6400B834B3 /* Item7Days.swift */; };
		D05414A22B34810000B834B3 /* ItemMonth.swift in Sources */ = {isa = PBXBuildFile; fileRef = D05414A12B34810000B834B3 /* ItemMonth.swift */; };
		D05414A42B34845E00B834B3 /* ItemPerTag.swift in Sources */ = {isa = PBXBuildFile; fileRef = D05414A32B34845E00B834B3 /* ItemPerTag.swift */; };
		D05414A62B34853B00B834B3 /* ItemManufacturer.swift in Sources */ = {isa = PBXBuildFile; fileRef = D05414A52B34853B00B834B3 /* ItemManufacturer.swift */; };
		D05414A82B34864F00B834B3 /* ItemOrigin.swift in Sources */ = {isa = PBXBuildFile; fileRef = D05414A72B34864F00B834B3 /* ItemOrigin.swift */; };
		D05414AA2B34874600B834B3 /* ItemClient.swift in Sources */ = {isa = PBXBuildFile; fileRef = D05414A92B34874600B834B3 /* ItemClient.swift */; };
		D0560A4A2B288A3400F93E84 /* Database.swift in Sources */ = {isa = PBXBuildFile; fileRef = D0560A492B288A3400F93E84 /* Database.swift */; };
		D0560A4C2B2893B400F93E84 /* LoginView.swift in Sources */ = {isa = PBXBuildFile; fileRef = D0560A4B2B2893B400F93E84 /* LoginView.swift */; };
		D0560A4E2B2895F000F93E84 /* OnboardingView.swift in Sources */ = {isa = PBXBuildFile; fileRef = D0560A4D2B2895F000F93E84 /* OnboardingView.swift */; };
		D0560A572B28C2BD00F93E84 /* WelcomeView.swift in Sources */ = {isa = PBXBuildFile; fileRef = D0560A562B28C2BD00F93E84 /* WelcomeView.swift */; };
		D0560A592B28FB9700F93E84 /* InsertTagsView.swift in Sources */ = {isa = PBXBuildFile; fileRef = D0560A582B28FB9700F93E84 /* InsertTagsView.swift */; };
		D0560A5D2B29218C00F93E84 /* DisplayTagsView.swift in Sources */ = {isa = PBXBuildFile; fileRef = D0560A5C2B29218C00F93E84 /* DisplayTagsView.swift */; };
		D0560A5F2B29D19800F93E84 /* DeleteTagView.swift in Sources */ = {isa = PBXBuildFile; fileRef = D0560A5E2B29D19800F93E84 /* DeleteTagView.swift */; };
		D0560A612B29F10500F93E84 /* InsertManufacturerView.swift in Sources */ = {isa = PBXBuildFile; fileRef = D0560A602B29F10500F93E84 /* InsertManufacturerView.swift */; };
		D0560A632B2A28BB00F93E84 /* ManufacturerDeleteView.swift in Sources */ = {isa = PBXBuildFile; fileRef = D0560A622B2A28BB00F93E84 /* ManufacturerDeleteView.swift */; };
		D0560A652B2A55ED00F93E84 /* InsertStatusView.swift in Sources */ = {isa = PBXBuildFile; fileRef = D0560A642B2A55ED00F93E84 /* InsertStatusView.swift */; };
		D0560A672B2A68FC00F93E84 /* StatusDeleteView.swift in Sources */ = {isa = PBXBuildFile; fileRef = D0560A662B2A68FC00F93E84 /* StatusDeleteView.swift */; };
		D05829742B348CD00076F43C /* NumberStatistics.swift in Sources */ = {isa = PBXBuildFile; fileRef = D05829732B348CD00076F43C /* NumberStatistics.swift */; };
		D05829762B34B7510076F43C /* DeleteItemAndHistory.swift in Sources */ = {isa = PBXBuildFile; fileRef = D05829752B34B7510076F43C /* DeleteItemAndHistory.swift */; };
		D05829782B34B8A70076F43C /* HistoryUpdateView.swift in Sources */ = {isa = PBXBuildFile; fileRef = D05829772B34B8A70076F43C /* HistoryUpdateView.swift */; };
		D058297A2B362F320076F43C /* MLView.swift in Sources */ = {isa = PBXBuildFile; fileRef = D05829792B362F320076F43C /* MLView.swift */; };
		D058297E2B362FB30076F43C /* AerospaceClassification.mlmodel in Sources */ = {isa = PBXBuildFile; fileRef = D058297D2B362FB30076F43C /* AerospaceClassification.mlmodel */; };
		D05829802B3714050076F43C /* Settings.swift in Sources */ = {isa = PBXBuildFile; fileRef = D058297F2B3714050076F43C /* Settings.swift */; };
		D0810B1D2B286C93005825D6 /* AerospaceApp.swift in Sources */ = {isa = PBXBuildFile; fileRef = D0810B1C2B286C93005825D6 /* AerospaceApp.swift */; };
		D0810B1F2B286C93005825D6 /* SignupView.swift in Sources */ = {isa = PBXBuildFile; fileRef = D0810B1E2B286C93005825D6 /* SignupView.swift */; };
		D0810B212B286C94005825D6 /* Assets.xcassets in Resources */ = {isa = PBXBuildFile; fileRef = D0810B202B286C94005825D6 /* Assets.xcassets */; };
		D0810B242B286C94005825D6 /* Preview Assets.xcassets in Resources */ = {isa = PBXBuildFile; fileRef = D0810B232B286C94005825D6 /* Preview Assets.xcassets */; };
		D0A1F3D12B2F8B35003B316E /* EditItemView.swift in Sources */ = {isa = PBXBuildFile; fileRef = D0A1F3D02B2F8B35003B316E /* EditItemView.swift */; };
		D0A1F3D52B2F9EC2003B316E /* EditItemViewDetails.swift in Sources */ = {isa = PBXBuildFile; fileRef = D0A1F3D42B2F9EC2003B316E /* EditItemViewDetails.swift */; };
		D0F78CD22B2DF78500DCF50C /* ViewItemView.swift in Sources */ = {isa = PBXBuildFile; fileRef = D0F78CD12B2DF78500DCF50C /* ViewItemView.swift */; };
		D0F78CD42B2DF96700DCF50C /* ItemDetailView.swift in Sources */ = {isa = PBXBuildFile; fileRef = D0F78CD32B2DF96700DCF50C /* ItemDetailView.swift */; };
		D0F78CD62B2E1AA700DCF50C /* USDZFileView.swift in Sources */ = {isa = PBXBuildFile; fileRef = D0F78CD52B2E1AA700DCF50C /* USDZFileView.swift */; };
/* End PBXBuildFile section */

/* Begin PBXFileReference section */
		D01AB67F2B30E5AF003C2A2A /* FavoritePriorityView.swift */ = {isa = PBXFileReference; lastKnownFileType = sourcecode.swift; path = FavoritePriorityView.swift; sourceTree = "<group>"; };
		D01AB6812B31E56A003C2A2A /* FavoriteView.swift */ = {isa = PBXFileReference; lastKnownFileType = sourcecode.swift; path = FavoriteView.swift; sourceTree = "<group>"; };
		D01AB6832B31FAD6003C2A2A /* PriorityView.swift */ = {isa = PBXFileReference; lastKnownFileType = sourcecode.swift; path = PriorityView.swift; sourceTree = "<group>"; };
		D01AB6852B31FDEC003C2A2A /* DeleteItemView.swift */ = {isa = PBXFileReference; lastKnownFileType = sourcecode.swift; path = DeleteItemView.swift; sourceTree = "<group>"; };
		D01AB6872B320EEB003C2A2A /* AddSKU.swift */ = {isa = PBXFileReference; lastKnownFileType = sourcecode.swift; path = AddSKU.swift; sourceTree = "<group>"; };
		D01AB68B2B321D32003C2A2A /* DeleteSKU.swift */ = {isa = PBXFileReference; lastKnownFileType = sourcecode.swift; path = DeleteSKU.swift; sourceTree = "<group>"; };
		D01AB68D2B3242D0003C2A2A /* HistoryView.swift */ = {isa = PBXFileReference; lastKnownFileType = sourcecode.swift; path = HistoryView.swift; sourceTree = "<group>"; };
		D01AB68F2B325955003C2A2A /* ScanView.swift */ = {isa = PBXFileReference; lastKnownFileType = sourcecode.swift; path = ScanView.swift; sourceTree = "<group>"; };
		D01AB6912B325A76003C2A2A /* QRScannerView.swift */ = {isa = PBXFileReference; lastKnownFileType = sourcecode.swift; path = QRScannerView.swift; sourceTree = "<group>"; };
		D01AB6932B3269D0003C2A2A /* ViewByTags.swift */ = {isa = PBXFileReference; lastKnownFileType = sourcecode.swift; path = ViewByTags.swift; sourceTree = "<group>"; };
		D03D27C32B3308B8004364F8 /* ViewByManufacturer.swift */ = {isa = PBXFileReference; lastKnownFileType = sourcecode.swift; path = ViewByManufacturer.swift; sourceTree = "<group>"; };
		D03D27C52B3314D8004364F8 /* ViewByStatus.swift */ = {isa = PBXFileReference; lastKnownFileType = sourcecode.swift; path = ViewByStatus.swift; sourceTree = "<group>"; };
		D03D27C72B33174F004364F8 /* ViewByOrigin.swift */ = {isa = PBXFileReference; lastKnownFileType = sourcecode.swift; path = ViewByOrigin.swift; sourceTree = "<group>"; };
		D03D27C92B331AE1004364F8 /* ViewByClient.swift */ = {isa = PBXFileReference; lastKnownFileType = sourcecode.swift; path = ViewByClient.swift; sourceTree = "<group>"; };
		D03D27CB2B336CCF004364F8 /* OverviewView.swift */ = {isa = PBXFileReference; lastKnownFileType = sourcecode.swift; path = OverviewView.swift; sourceTree = "<group>"; };
		D03D27CD2B339493004364F8 /* Color.swift */ = {isa = PBXFileReference; lastKnownFileType = sourcecode.swift; path = Color.swift; sourceTree = "<group>"; };
		D04207A02B2B70F000DEE395 /* CountryDeleteView.swift */ = {isa = PBXFileReference; lastKnownFileType = sourcecode.swift; path = CountryDeleteView.swift; sourceTree = "<group>"; };
		D04207A22B2B772300DEE395 /* InsertClientView.swift */ = {isa = PBXFileReference; lastKnownFileType = sourcecode.swift; path = InsertClientView.swift; sourceTree = "<group>"; };
		D04207A42B2BD9DE00DEE395 /* ClientDeleteView.swift */ = {isa = PBXFileReference; lastKnownFileType = sourcecode.swift; path = ClientDeleteView.swift; sourceTree = "<group>"; };
		D04207A62B2C742800DEE395 /* InsertItemView.swift */ = {isa = PBXFileReference; lastKnownFileType = sourcecode.swift; path = InsertItemView.swift; sourceTree = "<group>"; };
		D04207A82B2C9CA900DEE395 /* DocumentPicker.swift */ = {isa = PBXFileReference; lastKnownFileType = sourcecode.swift; path = DocumentPicker.swift; sourceTree = "<group>"; };
		D0420CD32B2B1DC1007710E6 /* InsertCountryView.swift */ = {isa = PBXFileReference; lastKnownFileType = sourcecode.swift; path = InsertCountryView.swift; sourceTree = "<group>"; };
		D054149B2B347A7B00B834B3 /* ProductPerStatus.swift */ = {isa = PBXFileReference; lastKnownFileType = sourcecode.swift; path = ProductPerStatus.swift; sourceTree = "<group>"; };
		D054149D2B347D9F00B834B3 /* ProductFavoritePriority.swift */ = {isa = PBXFileReference; lastKnownFileType = sourcecode.swift; path = ProductFavoritePriority.swift; sourceTree = "<group>"; };
		D054149F2B347F6400B834B3 /* Item7Days.swift */ = {isa = PBXFileReference; lastKnownFileType = sourcecode.swift; path = Item7Days.swift; sourceTree = "<group>"; };
		D05414A12B34810000B834B3 /* ItemMonth.swift */ = {isa = PBXFileReference; lastKnownFileType = sourcecode.swift; path = ItemMonth.swift; sourceTree = "<group>"; };
		D05414A32B34845E00B834B3 /* ItemPerTag.swift */ = {isa = PBXFileReference; lastKnownFileType = sourcecode.swift; path = ItemPerTag.swift; sourceTree = "<group>"; };
		D05414A52B34853B00B834B3 /* ItemManufacturer.swift */ = {isa = PBXFileReference; lastKnownFileType = sourcecode.swift; path = ItemManufacturer.swift; sourceTree = "<group>"; };
		D05414A72B34864F00B834B3 /* ItemOrigin.swift */ = {isa = PBXFileReference; lastKnownFileType = sourcecode.swift; path = ItemOrigin.swift; sourceTree = "<group>"; };
		D05414A92B34874600B834B3 /* ItemClient.swift */ = {isa = PBXFileReference; lastKnownFileType = sourcecode.swift; path = ItemClient.swift; sourceTree = "<group>"; };
		D0560A492B288A3400F93E84 /* Database.swift */ = {isa = PBXFileReference; lastKnownFileType = sourcecode.swift; path = Database.swift; sourceTree = "<group>"; };
		D0560A4B2B2893B400F93E84 /* LoginView.swift */ = {isa = PBXFileReference; lastKnownFileType = sourcecode.swift; path = LoginView.swift; sourceTree = "<group>"; };
		D0560A4D2B2895F000F93E84 /* OnboardingView.swift */ = {isa = PBXFileReference; lastKnownFileType = sourcecode.swift; path = OnboardingView.swift; sourceTree = "<group>"; };
		D0560A562B28C2BD00F93E84 /* WelcomeView.swift */ = {isa = PBXFileReference; lastKnownFileType = sourcecode.swift; path = WelcomeView.swift; sourceTree = "<group>"; };
		D0560A582B28FB9700F93E84 /* InsertTagsView.swift */ = {isa = PBXFileReference; lastKnownFileType = sourcecode.swift; path = InsertTagsView.swift; sourceTree = "<group>"; };
		D0560A5C2B29218C00F93E84 /* DisplayTagsView.swift */ = {isa = PBXFileReference; lastKnownFileType = sourcecode.swift; path = DisplayTagsView.swift; sourceTree = "<group>"; };
		D0560A5E2B29D19800F93E84 /* DeleteTagView.swift */ = {isa = PBXFileReference; lastKnownFileType = sourcecode.swift; path = DeleteTagView.swift; sourceTree = "<group>"; };
		D0560A602B29F10500F93E84 /* InsertManufacturerView.swift */ = {isa = PBXFileReference; lastKnownFileType = sourcecode.swift; path = InsertManufacturerView.swift; sourceTree = "<group>"; };
		D0560A622B2A28BB00F93E84 /* ManufacturerDeleteView.swift */ = {isa = PBXFileReference; lastKnownFileType = sourcecode.swift; path = ManufacturerDeleteView.swift; sourceTree = "<group>"; };
		D0560A642B2A55ED00F93E84 /* InsertStatusView.swift */ = {isa = PBXFileReference; lastKnownFileType = sourcecode.swift; path = InsertStatusView.swift; sourceTree = "<group>"; };
		D0560A662B2A68FC00F93E84 /* StatusDeleteView.swift */ = {isa = PBXFileReference; lastKnownFileType = sourcecode.swift; path = StatusDeleteView.swift; sourceTree = "<group>"; };
		D05829732B348CD00076F43C /* NumberStatistics.swift */ = {isa = PBXFileReference; lastKnownFileType = sourcecode.swift; path = NumberStatistics.swift; sourceTree = "<group>"; };
		D05829752B34B7510076F43C /* DeleteItemAndHistory.swift */ = {isa = PBXFileReference; lastKnownFileType = sourcecode.swift; path = DeleteItemAndHistory.swift; sourceTree = "<group>"; };
		D05829772B34B8A70076F43C /* HistoryUpdateView.swift */ = {isa = PBXFileReference; lastKnownFileType = sourcecode.swift; path = HistoryUpdateView.swift; sourceTree = "<group>"; };
		D05829792B362F320076F43C /* MLView.swift */ = {isa = PBXFileReference; lastKnownFileType = sourcecode.swift; path = MLView.swift; sourceTree = "<group>"; };
		D058297D2B362FB30076F43C /* AerospaceClassification.mlmodel */ = {isa = PBXFileReference; lastKnownFileType = file.mlmodel; path = AerospaceClassification.mlmodel; sourceTree = "<group>"; };
		D058297F2B3714050076F43C /* Settings.swift */ = {isa = PBXFileReference; lastKnownFileType = sourcecode.swift; path = Settings.swift; sourceTree = "<group>"; };
		D0810B192B286C93005825D6 /* Aerospace.app */ = {isa = PBXFileReference; explicitFileType = wrapper.application; includeInIndex = 0; path = Aerospace.app; sourceTree = BUILT_PRODUCTS_DIR; };
		D0810B1C2B286C93005825D6 /* AerospaceApp.swift */ = {isa = PBXFileReference; lastKnownFileType = sourcecode.swift; path = AerospaceApp.swift; sourceTree = "<group>"; };
		D0810B1E2B286C93005825D6 /* SignupView.swift */ = {isa = PBXFileReference; lastKnownFileType = sourcecode.swift; path = SignupView.swift; sourceTree = "<group>"; };
		D0810B202B286C94005825D6 /* Assets.xcassets */ = {isa = PBXFileReference; lastKnownFileType = folder.assetcatalog; path = Assets.xcassets; sourceTree = "<group>"; };
		D0810B232B286C94005825D6 /* Preview Assets.xcassets */ = {isa = PBXFileReference; lastKnownFileType = folder.assetcatalog; path = "Preview Assets.xcassets"; sourceTree = "<group>"; };
		D0A1F3D02B2F8B35003B316E /* EditItemView.swift */ = {isa = PBXFileReference; lastKnownFileType = sourcecode.swift; path = EditItemView.swift; sourceTree = "<group>"; };
		D0A1F3D42B2F9EC2003B316E /* EditItemViewDetails.swift */ = {isa = PBXFileReference; lastKnownFileType = sourcecode.swift; path = EditItemViewDetails.swift; sourceTree = "<group>"; };
		D0F78CD12B2DF78500DCF50C /* ViewItemView.swift */ = {isa = PBXFileReference; lastKnownFileType = sourcecode.swift; path = ViewItemView.swift; sourceTree = "<group>"; };
		D0F78CD32B2DF96700DCF50C /* ItemDetailView.swift */ = {isa = PBXFileReference; lastKnownFileType = sourcecode.swift; path = ItemDetailView.swift; sourceTree = "<group>"; };
		D0F78CD52B2E1AA700DCF50C /* USDZFileView.swift */ = {isa = PBXFileReference; lastKnownFileType = sourcecode.swift; path = USDZFileView.swift; sourceTree = "<group>"; };
/* End PBXFileReference section */

/* Begin PBXFrameworksBuildPhase section */
		D0810B162B286C93005825D6 /* Frameworks */ = {
			isa = PBXFrameworksBuildPhase;
			buildActionMask = 2147483647;
			files = (
			);
			runOnlyForDeploymentPostprocessing = 0;
		};
/* End PBXFrameworksBuildPhase section */

/* Begin PBXGroup section */
		D0560A452B2889CD00F93E84 /* View */ = {
			isa = PBXGroup;
			children = (
				D0560A562B28C2BD00F93E84 /* WelcomeView.swift */,
				D05414A72B34864F00B834B3 /* ItemOrigin.swift */,
				D05414A32B34845E00B834B3 /* ItemPerTag.swift */,
				D0560A4B2B2893B400F93E84 /* LoginView.swift */,
				D0810B1E2B286C93005825D6 /* SignupView.swift */,
				D0560A4D2B2895F000F93E84 /* OnboardingView.swift */,
				D0560A582B28FB9700F93E84 /* InsertTagsView.swift */,
				D0560A5C2B29218C00F93E84 /* DisplayTagsView.swift */,
				D0560A5E2B29D19800F93E84 /* DeleteTagView.swift */,
				D0560A602B29F10500F93E84 /* InsertManufacturerView.swift */,
				D0560A622B2A28BB00F93E84 /* ManufacturerDeleteView.swift */,
				D0560A642B2A55ED00F93E84 /* InsertStatusView.swift */,
				D0560A662B2A68FC00F93E84 /* StatusDeleteView.swift */,
				D0420CD32B2B1DC1007710E6 /* InsertCountryView.swift */,
				D04207A02B2B70F000DEE395 /* CountryDeleteView.swift */,
				D04207A22B2B772300DEE395 /* InsertClientView.swift */,
				D04207A42B2BD9DE00DEE395 /* ClientDeleteView.swift */,
				D04207A62B2C742800DEE395 /* InsertItemView.swift */,
				D0F78CD12B2DF78500DCF50C /* ViewItemView.swift */,
				D0F78CD32B2DF96700DCF50C /* ItemDetailView.swift */,
				D0A1F3D02B2F8B35003B316E /* EditItemView.swift */,
				D0A1F3D42B2F9EC2003B316E /* EditItemViewDetails.swift */,
				D01AB67F2B30E5AF003C2A2A /* FavoritePriorityView.swift */,
				D01AB6812B31E56A003C2A2A /* FavoriteView.swift */,
				D01AB6832B31FAD6003C2A2A /* PriorityView.swift */,
				D01AB6852B31FDEC003C2A2A /* DeleteItemView.swift */,
				D01AB6872B320EEB003C2A2A /* AddSKU.swift */,
				D01AB68B2B321D32003C2A2A /* DeleteSKU.swift */,
				D01AB68D2B3242D0003C2A2A /* HistoryView.swift */,
				D01AB68F2B325955003C2A2A /* ScanView.swift */,
				D01AB6932B3269D0003C2A2A /* ViewByTags.swift */,
				D03D27C32B3308B8004364F8 /* ViewByManufacturer.swift */,
				D03D27C52B3314D8004364F8 /* ViewByStatus.swift */,
				D03D27C72B33174F004364F8 /* ViewByOrigin.swift */,
				D03D27C92B331AE1004364F8 /* ViewByClient.swift */,
				D03D27CB2B336CCF004364F8 /* OverviewView.swift */,
				D054149B2B347A7B00B834B3 /* ProductPerStatus.swift */,
				D054149D2B347D9F00B834B3 /* ProductFavoritePriority.swift */,
				D054149F2B347F6400B834B3 /* Item7Days.swift */,
				D05414A12B34810000B834B3 /* ItemMonth.swift */,
				D05414A52B34853B00B834B3 /* ItemManufacturer.swift */,
				D05414A92B34874600B834B3 /* ItemClient.swift */,
				D05829732B348CD00076F43C /* NumberStatistics.swift */,
				D05829752B34B7510076F43C /* DeleteItemAndHistory.swift */,
				D05829772B34B8A70076F43C /* HistoryUpdateView.swift */,
				D05829792B362F320076F43C /* MLView.swift */,
				D058297F2B3714050076F43C /* Settings.swift */,
			);
			path = View;
			sourceTree = "<group>";
		};
		D0560A462B2889D700F93E84 /* Model */ = {
			isa = PBXGroup;
			children = (
				D058297D2B362FB30076F43C /* AerospaceClassification.mlmodel */,
				D0560A492B288A3400F93E84 /* Database.swift */,
				D04207A82B2C9CA900DEE395 /* DocumentPicker.swift */,
				D0F78CD52B2E1AA700DCF50C /* USDZFileView.swift */,
				D01AB6912B325A76003C2A2A /* QRScannerView.swift */,
				D03D27CD2B339493004364F8 /* Color.swift */,
			);
			path = Model;
			sourceTree = "<group>";
		};
		D0810B102B286C93005825D6 = {
			isa = PBXGroup;
			children = (
				D0810B1B2B286C93005825D6 /* Aerospace */,
				D0810B1A2B286C93005825D6 /* Products */,
			);
			sourceTree = "<group>";
		};
		D0810B1A2B286C93005825D6 /* Products */ = {
			isa = PBXGroup;
			children = (
				D0810B192B286C93005825D6 /* Aerospace.app */,
			);
			name = Products;
			sourceTree = "<group>";
		};
		D0810B1B2B286C93005825D6 /* Aerospace */ = {
			isa = PBXGroup;
			children = (
				D0560A462B2889D700F93E84 /* Model */,
				D0560A452B2889CD00F93E84 /* View */,
				D0810B1C2B286C93005825D6 /* AerospaceApp.swift */,
				D0810B202B286C94005825D6 /* Assets.xcassets */,
				D0810B222B286C94005825D6 /* Preview Content */,
			);
			path = Aerospace;
			sourceTree = "<group>";
		};
		D0810B222B286C94005825D6 /* Preview Content */ = {
			isa = PBXGroup;
			children = (
				D0810B232B286C94005825D6 /* Preview Assets.xcassets */,
			);
			path = "Preview Content";
			sourceTree = "<group>";
		};
/* End PBXGroup section */

/* Begin PBXNativeTarget section */
		D0810B182B286C93005825D6 /* Aerospace */ = {
			isa = PBXNativeTarget;
			buildConfigurationList = D0810B272B286C94005825D6 /* Build configuration list for PBXNativeTarget "Aerospace" */;
			buildPhases = (
				D0810B152B286C93005825D6 /* Sources */,
				D0810B162B286C93005825D6 /* Frameworks */,
				D0810B172B286C93005825D6 /* Resources */,
			);
			buildRules = (
			);
			dependencies = (
			);
			name = Aerospace;
			packageProductDependencies = (
			);
			productName = Aerospace;
			productReference = D0810B192B286C93005825D6 /* Aerospace.app */;
			productType = "com.apple.product-type.application";
		};
/* End PBXNativeTarget section */

/* Begin PBXProject section */
		D0810B112B286C93005825D6 /* Project object */ = {
			isa = PBXProject;
			attributes = {
				BuildIndependentTargetsInParallel = 1;
				LastSwiftUpdateCheck = 1500;
				LastUpgradeCheck = 1500;
				TargetAttributes = {
					D0810B182B286C93005825D6 = {
						CreatedOnToolsVersion = 15.0.1;
					};
				};
			};
			buildConfigurationList = D0810B142B286C93005825D6 /* Build configuration list for PBXProject "Aerospace" */;
			compatibilityVersion = "Xcode 14.0";
			developmentRegion = en;
			hasScannedForEncodings = 0;
			knownRegions = (
				en,
				Base,
			);
			mainGroup = D0810B102B286C93005825D6;
			packageReferences = (
			);
			productRefGroup = D0810B1A2B286C93005825D6 /* Products */;
			projectDirPath = "";
			projectRoot = "";
			targets = (
				D0810B182B286C93005825D6 /* Aerospace */,
			);
		};
/* End PBXProject section */

/* Begin PBXResourcesBuildPhase section */
		D0810B172B286C93005825D6 /* Resources */ = {
			isa = PBXResourcesBuildPhase;
			buildActionMask = 2147483647;
			files = (
				D0810B242B286C94005825D6 /* Preview Assets.xcassets in Resources */,
				D0810B212B286C94005825D6 /* Assets.xcassets in Resources */,
			);
			runOnlyForDeploymentPostprocessing = 0;
		};
/* End PBXResourcesBuildPhase section */

/* Begin PBXSourcesBuildPhase section */
		D0810B152B286C93005825D6 /* Sources */ = {
			isa = PBXSourcesBuildPhase;
			buildActionMask = 2147483647;
			files = (
				D04207A32B2B772300DEE395 /* InsertClientView.swift in Sources */,
				D0560A5D2B29218C00F93E84 /* DisplayTagsView.swift in Sources */,
				D01AB6842B31FAD6003C2A2A /* PriorityView.swift in Sources */,
				D0F78CD22B2DF78500DCF50C /* ViewItemView.swift in Sources */,
				D04207A92B2C9CA900DEE395 /* DocumentPicker.swift in Sources */,
				D05414A42B34845E00B834B3 /* ItemPerTag.swift in Sources */,
				D04207A12B2B70F000DEE395 /* CountryDeleteView.swift in Sources */,
				D0560A672B2A68FC00F93E84 /* StatusDeleteView.swift in Sources */,
				D05414A82B34864F00B834B3 /* ItemOrigin.swift in Sources */,
				D05414AA2B34874600B834B3 /* ItemClient.swift in Sources */,
				D0560A652B2A55ED00F93E84 /* InsertStatusView.swift in Sources */,
				D01AB6882B320EEB003C2A2A /* AddSKU.swift in Sources */,
				D05829762B34B7510076F43C /* DeleteItemAndHistory.swift in Sources */,
				D01AB6902B325955003C2A2A /* ScanView.swift in Sources */,
				D01AB6862B31FDEC003C2A2A /* DeleteItemView.swift in Sources */,
				D054149C2B347A7B00B834B3 /* ProductPerStatus.swift in Sources */,
				D05414A62B34853B00B834B3 /* ItemManufacturer.swift in Sources */,
				D05829782B34B8A70076F43C /* HistoryUpdateView.swift in Sources */,
				D01AB68C2B321D32003C2A2A /* DeleteSKU.swift in Sources */,
				D0810B1F2B286C93005825D6 /* SignupView.swift in Sources */,
				D03D27CE2B339493004364F8 /* Color.swift in Sources */,
				D01AB6922B325A76003C2A2A /* QRScannerView.swift in Sources */,
				D01AB6822B31E56A003C2A2A /* FavoriteView.swift in Sources */,
				D01AB6802B30E5AF003C2A2A /* FavoritePriorityView.swift in Sources */,
				D05829802B3714050076F43C /* Settings.swift in Sources */,
				D0560A572B28C2BD00F93E84 /* WelcomeView.swift in Sources */,
				D0F78CD42B2DF96700DCF50C /* ItemDetailView.swift in Sources */,
				D03D27CA2B331AE1004364F8 /* ViewByClient.swift in Sources */,
				D03D27C82B33174F004364F8 /* ViewByOrigin.swift in Sources */,
				D01AB68E2B3242D0003C2A2A /* HistoryView.swift in Sources */,
				D0F78CD62B2E1AA700DCF50C /* USDZFileView.swift in Sources */,
				D03D27C42B3308B8004364F8 /* ViewByManufacturer.swift in Sources */,
				D054149E2B347D9F00B834B3 /* ProductFavoritePriority.swift in Sources */,
				D0560A632B2A28BB00F93E84 /* ManufacturerDeleteView.swift in Sources */,
				D05414A22B34810000B834B3 /* ItemMonth.swift in Sources */,
				D0560A592B28FB9700F93E84 /* InsertTagsView.swift in Sources */,
				D03D27CC2B336CCF004364F8 /* OverviewView.swift in Sources */,
				D03D27C62B3314D8004364F8 /* ViewByStatus.swift in Sources */,
				D058297E2B362FB30076F43C /* AerospaceClassification.mlmodel in Sources */,
				D0560A4A2B288A3400F93E84 /* Database.swift in Sources */,
				D0420CD42B2B1DC1007710E6 /* InsertCountryView.swift in Sources */,
				D0560A4C2B2893B400F93E84 /* LoginView.swift in Sources */,
				D04207A72B2C742800DEE395 /* InsertItemView.swift in Sources */,
				D01AB6942B3269D0003C2A2A /* ViewByTags.swift in Sources */,
				D0A1F3D12B2F8B35003B316E /* EditItemView.swift in Sources */,
				D05829742B348CD00076F43C /* NumberStatistics.swift in Sources */,
				D058297A2B362F320076F43C /* MLView.swift in Sources */,
				D0A1F3D52B2F9EC2003B316E /* EditItemViewDetails.swift in Sources */,
				D0560A612B29F10500F93E84 /* InsertManufacturerView.swift in Sources */,
				D0560A4E2B2895F000F93E84 /* OnboardingView.swift in Sources */,
				D0560A5F2B29D19800F93E84 /* DeleteTagView.swift in Sources */,
				D04207A52B2BD9DE00DEE395 /* ClientDeleteView.swift in Sources */,
				D05414A02B347F6400B834B3 /* Item7Days.swift in Sources */,
				D0810B1D2B286C93005825D6 /* AerospaceApp.swift in Sources */,
			);
			runOnlyForDeploymentPostprocessing = 0;
		};
/* End PBXSourcesBuildPhase section */

/* Begin XCBuildConfiguration section */
		D0810B252B286C94005825D6 /* Debug */ = {
			isa = XCBuildConfiguration;
			buildSettings = {
				ALWAYS_SEARCH_USER_PATHS = NO;
				ASSETCATALOG_COMPILER_GENERATE_SWIFT_ASSET_SYMBOL_EXTENSIONS = YES;
				CLANG_ANALYZER_NONNULL = YES;
				CLANG_ANALYZER_NUMBER_OBJECT_CONVERSION = YES_AGGRESSIVE;
				CLANG_CXX_LANGUAGE_STANDARD = "gnu++20";
				CLANG_ENABLE_MODULES = YES;
				CLANG_ENABLE_OBJC_ARC = YES;
				CLANG_ENABLE_OBJC_WEAK = YES;
				CLANG_WARN_BLOCK_CAPTURE_AUTORELEASING = YES;
				CLANG_WARN_BOOL_CONVERSION = YES;
				CLANG_WARN_COMMA = YES;
				CLANG_WARN_CONSTANT_CONVERSION = YES;
				CLANG_WARN_DEPRECATED_OBJC_IMPLEMENTATIONS = YES;
				CLANG_WARN_DIRECT_OBJC_ISA_USAGE = YES_ERROR;
				CLANG_WARN_DOCUMENTATION_COMMENTS = YES;
				CLANG_WARN_EMPTY_BODY = YES;
				CLANG_WARN_ENUM_CONVERSION = YES;
				CLANG_WARN_INFINITE_RECURSION = YES;
				CLANG_WARN_INT_CONVERSION = YES;
				CLANG_WARN_NON_LITERAL_NULL_CONVERSION = YES;
				CLANG_WARN_OBJC_IMPLICIT_RETAIN_SELF = YES;
				CLANG_WARN_OBJC_LITERAL_CONVERSION = YES;
				CLANG_WARN_OBJC_ROOT_CLASS = YES_ERROR;
				CLANG_WARN_QUOTED_INCLUDE_IN_FRAMEWORK_HEADER = YES;
				CLANG_WARN_RANGE_LOOP_ANALYSIS = YES;
				CLANG_WARN_STRICT_PROTOTYPES = YES;
				CLANG_WARN_SUSPICIOUS_MOVE = YES;
				CLANG_WARN_UNGUARDED_AVAILABILITY = YES_AGGRESSIVE;
				CLANG_WARN_UNREACHABLE_CODE = YES;
				CLANG_WARN__DUPLICATE_METHOD_MATCH = YES;
				COPY_PHASE_STRIP = NO;
				DEBUG_INFORMATION_FORMAT = dwarf;
				ENABLE_STRICT_OBJC_MSGSEND = YES;
				ENABLE_TESTABILITY = YES;
				ENABLE_USER_SCRIPT_SANDBOXING = YES;
				GCC_C_LANGUAGE_STANDARD = gnu17;
				GCC_DYNAMIC_NO_PIC = NO;
				GCC_NO_COMMON_BLOCKS = YES;
				GCC_OPTIMIZATION_LEVEL = 0;
				GCC_PREPROCESSOR_DEFINITIONS = (
					"DEBUG=1",
					"$(inherited)",
				);
				GCC_WARN_64_TO_32_BIT_CONVERSION = YES;
				GCC_WARN_ABOUT_RETURN_TYPE = YES_ERROR;
				GCC_WARN_UNDECLARED_SELECTOR = YES;
				GCC_WARN_UNINITIALIZED_AUTOS = YES_AGGRESSIVE;
				GCC_WARN_UNUSED_FUNCTION = YES;
				GCC_WARN_UNUSED_VARIABLE = YES;
				IPHONEOS_DEPLOYMENT_TARGET = 17.0;
				LOCALIZATION_PREFERS_STRING_CATALOGS = YES;
				MTL_ENABLE_DEBUG_INFO = INCLUDE_SOURCE;
				MTL_FAST_MATH = YES;
				ONLY_ACTIVE_ARCH = YES;
				SDKROOT = iphoneos;
				SWIFT_ACTIVE_COMPILATION_CONDITIONS = "DEBUG $(inherited)";
				SWIFT_OPTIMIZATION_LEVEL = "-Onone";
			};
			name = Debug;
		};
		D0810B262B286C94005825D6 /* Release */ = {
			isa = XCBuildConfiguration;
			buildSettings = {
				ALWAYS_SEARCH_USER_PATHS = NO;
				ASSETCATALOG_COMPILER_GENERATE_SWIFT_ASSET_SYMBOL_EXTENSIONS = YES;
				CLANG_ANALYZER_NONNULL = YES;
				CLANG_ANALYZER_NUMBER_OBJECT_CONVERSION = YES_AGGRESSIVE;
				CLANG_CXX_LANGUAGE_STANDARD = "gnu++20";
				CLANG_ENABLE_MODULES = YES;
				CLANG_ENABLE_OBJC_ARC = YES;
				CLANG_ENABLE_OBJC_WEAK = YES;
				CLANG_WARN_BLOCK_CAPTURE_AUTORELEASING = YES;
				CLANG_WARN_BOOL_CONVERSION = YES;
				CLANG_WARN_COMMA = YES;
				CLANG_WARN_CONSTANT_CONVERSION = YES;
				CLANG_WARN_DEPRECATED_OBJC_IMPLEMENTATIONS = YES;
				CLANG_WARN_DIRECT_OBJC_ISA_USAGE = YES_ERROR;
				CLANG_WARN_DOCUMENTATION_COMMENTS = YES;
				CLANG_WARN_EMPTY_BODY = YES;
				CLANG_WARN_ENUM_CONVERSION = YES;
				CLANG_WARN_INFINITE_RECURSION = YES;
				CLANG_WARN_INT_CONVERSION = YES;
				CLANG_WARN_NON_LITERAL_NULL_CONVERSION = YES;
				CLANG_WARN_OBJC_IMPLICIT_RETAIN_SELF = YES;
				CLANG_WARN_OBJC_LITERAL_CONVERSION = YES;
				CLANG_WARN_OBJC_ROOT_CLASS = YES_ERROR;
				CLANG_WARN_QUOTED_INCLUDE_IN_FRAMEWORK_HEADER = YES;
				CLANG_WARN_RANGE_LOOP_ANALYSIS = YES;
				CLANG_WARN_STRICT_PROTOTYPES = YES;
				CLANG_WARN_SUSPICIOUS_MOVE = YES;
				CLANG_WARN_UNGUARDED_AVAILABILITY = YES_AGGRESSIVE;
				CLANG_WARN_UNREACHABLE_CODE = YES;
				CLANG_WARN__DUPLICATE_METHOD_MATCH = YES;
				COPY_PHASE_STRIP = NO;
				DEBUG_INFORMATION_FORMAT = "dwarf-with-dsym";
				ENABLE_NS_ASSERTIONS = NO;
				ENABLE_STRICT_OBJC_MSGSEND = YES;
				ENABLE_USER_SCRIPT_SANDBOXING = YES;
				GCC_C_LANGUAGE_STANDARD = gnu17;
				GCC_NO_COMMON_BLOCKS = YES;
				GCC_WARN_64_TO_32_BIT_CONVERSION = YES;
				GCC_WARN_ABOUT_RETURN_TYPE = YES_ERROR;
				GCC_WARN_UNDECLARED_SELECTOR = YES;
				GCC_WARN_UNINITIALIZED_AUTOS = YES_AGGRESSIVE;
				GCC_WARN_UNUSED_FUNCTION = YES;
				GCC_WARN_UNUSED_VARIABLE = YES;
				IPHONEOS_DEPLOYMENT_TARGET = 17.0;
				LOCALIZATION_PREFERS_STRING_CATALOGS = YES;
				MTL_ENABLE_DEBUG_INFO = NO;
				MTL_FAST_MATH = YES;
				SDKROOT = iphoneos;
				SWIFT_COMPILATION_MODE = wholemodule;
				VALIDATE_PRODUCT = YES;
			};
			name = Release;
		};
		D0810B282B286C94005825D6 /* Debug */ = {
			isa = XCBuildConfiguration;
			buildSettings = {
				ASSETCATALOG_COMPILER_APPICON_NAME = AppIcon;
				ASSETCATALOG_COMPILER_GLOBAL_ACCENT_COLOR_NAME = AccentColor;
				CODE_SIGN_STYLE = Automatic;
				CURRENT_PROJECT_VERSION = 4;
				DEVELOPMENT_ASSET_PATHS = "\"Aerospace/Preview Content\"";
				DEVELOPMENT_TEAM = C6GW4A76XK;
				ENABLE_PREVIEWS = YES;
				GENERATE_INFOPLIST_FILE = YES;
				INFOPLIST_KEY_LSApplicationCategoryType = "public.app-category.productivity";
				INFOPLIST_KEY_NSCameraUsageDescription = "We require access to your device.";
				INFOPLIST_KEY_NSDocumentsFolderUsageDescription = "We require access to your device.";
				INFOPLIST_KEY_NSDownloadsFolderUsageDescription = "We require access to your device.";
				INFOPLIST_KEY_UIApplicationSceneManifest_Generation = YES;
				INFOPLIST_KEY_UIApplicationSupportsIndirectInputEvents = YES;
				INFOPLIST_KEY_UILaunchScreen_Generation = YES;
				INFOPLIST_KEY_UIRequiresFullScreen = YES;
				INFOPLIST_KEY_UISupportedInterfaceOrientations = UIInterfaceOrientationPortrait;
				LD_RUNPATH_SEARCH_PATHS = (
					"$(inherited)",
					"@executable_path/Frameworks",
				);
				MARKETING_VERSION = 0.1;
				PRODUCT_BUNDLE_IDENTIFIER = com.AerospaceWMS;
				PRODUCT_NAME = "$(TARGET_NAME)";
				SUPPORTED_PLATFORMS = "iphoneos iphonesimulator";
				SUPPORTS_MACCATALYST = NO;
				SUPPORTS_MAC_DESIGNED_FOR_IPHONE_IPAD = NO;
				SWIFT_EMIT_LOC_STRINGS = YES;
				SWIFT_VERSION = 5.0;
				TARGETED_DEVICE_FAMILY = "1,2";
			};
			name = Debug;
		};
		D0810B292B286C94005825D6 /* Release */ = {
			isa = XCBuildConfiguration;
			buildSettings = {
				ASSETCATALOG_COMPILER_APPICON_NAME = AppIcon;
				ASSETCATALOG_COMPILER_GLOBAL_ACCENT_COLOR_NAME = AccentColor;
				CODE_SIGN_STYLE = Automatic;
				CURRENT_PROJECT_VERSION = 4;
				DEVELOPMENT_ASSET_PATHS = "\"Aerospace/Preview Content\"";
				DEVELOPMENT_TEAM = C6GW4A76XK;
				ENABLE_PREVIEWS = YES;
				GENERATE_INFOPLIST_FILE = YES;
				INFOPLIST_KEY_LSApplicationCategoryType = "public.app-category.productivity";
				INFOPLIST_KEY_NSCameraUsageDescription = "We require access to your device.";
				INFOPLIST_KEY_NSDocumentsFolderUsageDescription = "We require access to your device.";
				INFOPLIST_KEY_NSDownloadsFolderUsageDescription = "We require access to your device.";
				INFOPLIST_KEY_UIApplicationSceneManifest_Generation = YES;
				INFOPLIST_KEY_UIApplicationSupportsIndirectInputEvents = YES;
				INFOPLIST_KEY_UILaunchScreen_Generation = YES;
				INFOPLIST_KEY_UIRequiresFullScreen = YES;
				INFOPLIST_KEY_UISupportedInterfaceOrientations = UIInterfaceOrientationPortrait;
				LD_RUNPATH_SEARCH_PATHS = (
					"$(inherited)",
					"@executable_path/Frameworks",
				);
				MARKETING_VERSION = 0.1;
				PRODUCT_BUNDLE_IDENTIFIER = com.AerospaceWMS;
				PRODUCT_NAME = "$(TARGET_NAME)";
				SUPPORTED_PLATFORMS = "iphoneos iphonesimulator";
				SUPPORTS_MACCATALYST = NO;
				SUPPORTS_MAC_DESIGNED_FOR_IPHONE_IPAD = NO;
				SWIFT_EMIT_LOC_STRINGS = YES;
				SWIFT_VERSION = 5.0;
				TARGETED_DEVICE_FAMILY = "1,2";
			};
			name = Release;
		};
/* End XCBuildConfiguration section */

/* Begin XCConfigurationList section */
		D0810B142B286C93005825D6 /* Build configuration list for PBXProject "Aerospace" */ = {
			isa = XCConfigurationList;
			buildConfigurations = (
				D0810B252B286C94005825D6 /* Debug */,
				D0810B262B286C94005825D6 /* Release */,
			);
			defaultConfigurationIsVisible = 0;
			defaultConfigurationName = Release;
		};
		D0810B272B286C94005825D6 /* Build configuration list for PBXNativeTarget "Aerospace" */ = {
			isa = XCConfigurationList;
			buildConfigurations = (
				D0810B282B286C94005825D6 /* Debug */,
				D0810B292B286C94005825D6 /* Release */,
			);
			defaultConfigurationIsVisible = 0;
			defaultConfigurationName = Release;
		};
/* End XCConfigurationList section */
	};
	rootObject = D0810B112B286C93005825D6 /* Project object */;
}
